
Microsoft Visual Studio Solution File, Format Version 12.00
# Visual Studio Version 17
VisualStudioVersion = 17.3.32901.215
MinimumVisualStudioVersion = 10.0.40219.1
Project("{8BC9CEB8-8B4A-11D0-8D11-00A0C91BC942}") = "test_2022_11_9", "test_2022_11_9\test_2022_11_9.vcxproj", "{37321085-72D2-4B6E-B2FD-FC05BF5A55DA}"
EndProject
Global
	GlobalSection(SolutionConfigurationPlatforms) = preSolution
		Debug|x64 = Debug|x64
		Debug|x86 = Debug|x86
		Release|x64 = Release|x64
		Release|x86 = Release|x86
	EndGlobalSection
	GlobalSection(ProjectConfigurationPlatforms) = postSolution
		{37321085-72D2-4B6E-B2FD-FC05BF5A55DA}.Debug|x64.ActiveCfg = Debug|x64
		{37321085-72D2-4B6E-B2FD-FC05BF5A55DA}.Debug|x64.Build.0 = Debug|x64
		{37321085-72D2-4B6E-B2FD-FC05BF5A55DA}.Debug|x86.ActiveCfg = Debug|Win32
		{37321085-72D2-4B6E-B2FD-FC05BF5A55DA}.Debug|x86.Build.0 = Debug|Win32
		{37321085-72D2-4B6E-B2FD-FC05BF5A55DA}.Release|x64.ActiveCfg = Release|x64
		{37321085-72D2-4B6E-B2FD-FC05BF5A55DA}.Release|x64.Build.0 = Release|x64
		{37321085-72D2-4B6E-B2FD-FC05BF5A55DA}.Release|x86.ActiveCfg = Release|Win32
		{37321085-72D2-4B6E-B2FD-FC05BF5A55DA}.Release|x86.Build.0 = Release|Win32
	EndGlobalSection
	GlobalSection(SolutionProperties) = preSolution
		HideSolutionNode = FALSE
	EndGlobalSection
	GlobalSection(ExtensibilityGlobals) = postSolution
		SolutionGuid = {7FF56049-F563-4B67-A9C0-5D64F6EA29E8}
	EndGlobalSection
EndGlobal
